
Microsoft Visual Studio Solution File, Format Version 12.00
# Visual Studio Version 17
VisualStudioVersion = 17.0.32014.148
MinimumVisualStudioVersion = 10.0.40219.1
Project("{8BC9CEB8-8B4A-11D0-8D11-00A0C91BC942}") = "GameEngineBase", "GameEngineBase\GameEngineBase.vcxproj", "{DDF690DD-B7F6-4C15-A540-201FAEAF8AFB}"
EndProject
Project("{2150E333-8FDC-42A3-9474-1A3956D46DE8}") = "01lib", "01lib", "{A4A7F575-A499-4328-8F2D-F44735638F44}"
EndProject
Project("{2150E333-8FDC-42A3-9474-1A3956D46DE8}") = "02App", "02App", "{0D40AA79-7E3B-462B-A26F-484D712B8A94}"
EndProject
Project("{8BC9CEB8-8B4A-11D0-8D11-00A0C91BC942}") = "GameApp", "GameApp\GameApp.vcxproj", "{A0673CB7-BFF9-4AA4-BDE5-CC6CD844B61B}"
	ProjectSection(ProjectDependencies) = postProject
		{781DB036-9E5E-4288-A5D7-4CB131DC5885} = {781DB036-9E5E-4288-A5D7-4CB131DC5885}
		{DDF690DD-B7F6-4C15-A540-201FAEAF8AFB} = {DDF690DD-B7F6-4C15-A540-201FAEAF8AFB}
	EndProjectSection
EndProject
Project("{2150E333-8FDC-42A3-9474-1A3956D46DE8}") = "Level0", "Level0", "{D111B338-593F-4C64-B7FD-4B6E7C4E3AB8}"
EndProject
Project("{2150E333-8FDC-42A3-9474-1A3956D46DE8}") = "Level1", "Level1", "{D6155BFA-70CC-4A4A-9E8F-75861EB44B80}"
EndProject
Project("{8BC9CEB8-8B4A-11D0-8D11-00A0C91BC942}") = "GameEngine", "GameEngine\GameEngine.vcxproj", "{781DB036-9E5E-4288-A5D7-4CB131DC5885}"
EndProject
Project("{8BC9CEB8-8B4A-11D0-8D11-00A0C91BC942}") = "ShaderProject", "Resources\Shader\ShaderProject.vcxproj", "{340608EE-0832-4814-ADFA-EAFA29E05711}"
EndProject
Global
	GlobalSection(SolutionConfigurationPlatforms) = preSolution
		Debug|x64 = Debug|x64
		Debug|x86 = Debug|x86
		Release|x64 = Release|x64
		Release|x86 = Release|x86
	EndGlobalSection
	GlobalSection(ProjectConfigurationPlatforms) = postSolution
		{DDF690DD-B7F6-4C15-A540-201FAEAF8AFB}.Debug|x64.ActiveCfg = Debug|x64
		{DDF690DD-B7F6-4C15-A540-201FAEAF8AFB}.Debug|x64.Build.0 = Debug|x64
		{DDF690DD-B7F6-4C15-A540-201FAEAF8AFB}.Debug|x86.ActiveCfg = Debug|Win32
		{DDF690DD-B7F6-4C15-A540-201FAEAF8AFB}.Debug|x86.Build.0 = Debug|Win32
		{DDF690DD-B7F6-4C15-A540-201FAEAF8AFB}.Release|x64.ActiveCfg = Release|x64
		{DDF690DD-B7F6-4C15-A540-201FAEAF8AFB}.Release|x64.Build.0 = Release|x64
		{DDF690DD-B7F6-4C15-A540-201FAEAF8AFB}.Release|x86.ActiveCfg = Release|Win32
		{DDF690DD-B7F6-4C15-A540-201FAEAF8AFB}.Release|x86.Build.0 = Release|Win32
		{A0673CB7-BFF9-4AA4-BDE5-CC6CD844B61B}.Debug|x64.ActiveCfg = Debug|x64
		{A0673CB7-BFF9-4AA4-BDE5-CC6CD844B61B}.Debug|x64.Build.0 = Debug|x64
		{A0673CB7-BFF9-4AA4-BDE5-CC6CD844B61B}.Debug|x86.ActiveCfg = Debug|Win32
		{A0673CB7-BFF9-4AA4-BDE5-CC6CD844B61B}.Debug|x86.Build.0 = Debug|Win32
		{A0673CB7-BFF9-4AA4-BDE5-CC6CD844B61B}.Release|x64.ActiveCfg = Release|x64
		{A0673CB7-BFF9-4AA4-BDE5-CC6CD844B61B}.Release|x64.Build.0 = Release|x64
		{A0673CB7-BFF9-4AA4-BDE5-CC6CD844B61B}.Release|x86.ActiveCfg = Release|Win32
		{A0673CB7-BFF9-4AA4-BDE5-CC6CD844B61B}.Release|x86.Build.0 = Release|Win32
		{781DB036-9E5E-4288-A5D7-4CB131DC5885}.Debug|x64.ActiveCfg = Debug|x64
		{781DB036-9E5E-4288-A5D7-4CB131DC5885}.Debug|x64.Build.0 = Debug|x64
		{781DB036-9E5E-4288-A5D7-4CB131DC5885}.Debug|x86.ActiveCfg = Debug|Win32
		{781DB036-9E5E-4288-A5D7-4CB131DC5885}.Debug|x86.Build.0 = Debug|Win32
		{781DB036-9E5E-4288-A5D7-4CB131DC5885}.Release|x64.ActiveCfg = Release|x64
		{781DB036-9E5E-4288-A5D7-4CB131DC5885}.Release|x64.Build.0 = Release|x64
		{781DB036-9E5E-4288-A5D7-4CB131DC5885}.Release|x86.ActiveCfg = Release|Win32
		{781DB036-9E5E-4288-A5D7-4CB131DC5885}.Release|x86.Build.0 = Release|Win32
		{340608EE-0832-4814-ADFA-EAFA29E05711}.Debug|x64.ActiveCfg = Debug|x64
		{340608EE-0832-4814-ADFA-EAFA29E05711}.Debug|x64.Build.0 = Debug|x64
		{340608EE-0832-4814-ADFA-EAFA29E05711}.Debug|x86.ActiveCfg = Debug|Win32
		{340608EE-0832-4814-ADFA-EAFA29E05711}.Debug|x86.Build.0 = Debug|Win32
		{340608EE-0832-4814-ADFA-EAFA29E05711}.Release|x64.ActiveCfg = Release|x64
		{340608EE-0832-4814-ADFA-EAFA29E05711}.Release|x64.Build.0 = Release|x64
		{340608EE-0832-4814-ADFA-EAFA29E05711}.Release|x86.ActiveCfg = Release|Win32
		{340608EE-0832-4814-ADFA-EAFA29E05711}.Release|x86.Build.0 = Release|Win32
	EndGlobalSection
	GlobalSection(SolutionProperties) = preSolution
		HideSolutionNode = FALSE
	EndGlobalSection
	GlobalSection(NestedProjects) = preSolution
		{DDF690DD-B7F6-4C15-A540-201FAEAF8AFB} = {D111B338-593F-4C64-B7FD-4B6E7C4E3AB8}
		{A0673CB7-BFF9-4AA4-BDE5-CC6CD844B61B} = {0D40AA79-7E3B-462B-A26F-484D712B8A94}
		{D111B338-593F-4C64-B7FD-4B6E7C4E3AB8} = {A4A7F575-A499-4328-8F2D-F44735638F44}
		{D6155BFA-70CC-4A4A-9E8F-75861EB44B80} = {A4A7F575-A499-4328-8F2D-F44735638F44}
		{781DB036-9E5E-4288-A5D7-4CB131DC5885} = {D6155BFA-70CC-4A4A-9E8F-75861EB44B80}
	EndGlobalSection
	GlobalSection(ExtensibilityGlobals) = postSolution
		SolutionGuid = {97F443E5-9D54-45E1-91A7-BA077FB29043}
	EndGlobalSection
EndGlobal
