<?xml version="1.0" encoding="utf-8"?>
<Project ToolsVersion="4.0" xmlns="http://schemas.microsoft.com/developer/msbuild/2003">
  <ItemGroup>
    <ClInclude Include="GameEngineDebug.h">
      <Filter>Debug</Filter>
    </ClInclude>
    <ClInclude Include="GameEngineDirectroy.h">
      <Filter>InputOutput</Filter>
    </ClInclude>
    <ClInclude Include="GameEngineFile.h">
      <Filter>InputOutput</Filter>
    </ClInclude>
    <ClInclude Include="GameEnginePath.h">
      <Filter>InputOutput</Filter>
    </ClInclude>
    <ClInclude Include="GameEngineObjectBase.h">
      <Filter>Object</Filter>
    </ClInclude>
    <ClInclude Include="GameEngineObjectNameBase.h">
      <Filter>Object</Filter>
    </ClInclude>
    <ClInclude Include="PreCompile.h">
      <Filter>PreCompile</Filter>
    </ClInclude>
    <ClInclude Include="GameEngineTime.h">
      <Filter>Time</Filter>
    </ClInclude>
  </ItemGroup>
  <ItemGroup>
    <ClCompile Include="GameEngineDebug.cpp">
      <Filter>Debug</Filter>
    </ClCompile>
    <ClCompile Include="GameEngineDirectroy.cpp">
      <Filter>InputOutput</Filter>
    </ClCompile>
    <ClCompile Include="GameEngineFile.cpp">
      <Filter>InputOutput</Filter>
    </ClCompile>
    <ClCompile Include="GameEnginePath.cpp">
      <Filter>InputOutput</Filter>
    </ClCompile>
    <ClCompile Include="GameEngineObjectBase.cpp">
      <Filter>Object</Filter>
    </ClCompile>
    <ClCompile Include="GameEngineObjectNameBase.cpp">
      <Filter>Object</Filter>
    </ClCompile>
    <ClCompile Include="PreCompile.cpp">
      <Filter>PreCompile</Filter>
    </ClCompile>
    <ClCompile Include="GameEngineTime.cpp">
      <Filter>Time</Filter>
    </ClCompile>
  </ItemGroup>
  <ItemGroup>
    <Filter Include="Debug">
      <UniqueIdentifier>{32b5a4aa-24dc-4e29-b2a4-510d3a2a4c14}</UniqueIdentifier>
    </Filter>
    <Filter Include="InputOutput">
      <UniqueIdentifier>{55081d75-578c-4451-ae7a-7ee4173b7dc4}</UniqueIdentifier>
    </Filter>
    <Filter Include="Math">
      <UniqueIdentifier>{ba2045de-bf61-421c-9946-c5ae0ce7babe}</UniqueIdentifier>
    </Filter>
    <Filter Include="Object">
      <UniqueIdentifier>{028a2f9a-8000-438e-8ef1-4eaa80908185}</UniqueIdentifier>
    </Filter>
    <Filter Include="PreCompile">
      <UniqueIdentifier>{028a3934-0bff-4fb1-828b-369f21c175eb}</UniqueIdentifier>
    </Filter>
    <Filter Include="Time">
      <UniqueIdentifier>{e9fd433e-4538-4900-ba51-16658968aca6}</UniqueIdentifier>
    </Filter>
  </ItemGroup>
</Project>