<?xml version="1.0" encoding="utf-8"?>
<Project ToolsVersion="4.0" xmlns="http://schemas.microsoft.com/developer/msbuild/2003">
  <ItemGroup>
    <ClInclude Include="GameEngineDebug.h">
      <Filter>Debug</Filter>
    </ClInclude>
    <ClInclude Include="GameEngineDirectory.h">
      <Filter>InputOutput</Filter>
    </ClInclude>
    <ClInclude Include="GameEngineFile.h">
      <Filter>InputOutput</Filter>
    </ClInclude>
    <ClInclude Include="GameEnginePath.h">
      <Filter>InputOutput</Filter>
    </ClInclude>
    <ClInclude Include="GameEngineObjectBase.h">
      <Filter>Object</Filter>
    </ClInclude>
    <ClInclude Include="GameEngineObjectNameBase.h">
      <Filter>Object</Filter>
    </ClInclude>
    <ClInclude Include="PreCompile.h">
      <Filter>PreCompile</Filter>
    </ClInclude>
    <ClInclude Include="GameEngineTime.h">
      <Filter>Time</Filter>
    </ClInclude>
    <ClInclude Include="GameEngineSoundManager.h">
      <Filter>Media</Filter>
    </ClInclude>
    <ClInclude Include="GameEngineSound.h">
      <Filter>Media</Filter>
    </ClInclude>
    <ClInclude Include="GameEngineSoundPlayer.h">
      <Filter>Media</Filter>
    </ClInclude>
    <ClInclude Include="GameEngineString.h">
      <Filter>String</Filter>
    </ClInclude>
    <ClInclude Include="GameEngineMath.h">
      <Filter>Math</Filter>
    </ClInclude>
    <ClInclude Include="GameEngineRandom.h">
      <Filter>Math</Filter>
    </ClInclude>
    <ClInclude Include="GameEngineIocp.h">
      <Filter>Thread</Filter>
    </ClInclude>
    <ClInclude Include="GameEngineThread.h">
      <Filter>Thread</Filter>
    </ClInclude>
    <ClInclude Include="GameEngineThreadQueue.h">
      <Filter>Thread</Filter>
    </ClInclude>
  </ItemGroup>
  <ItemGroup>
    <ClCompile Include="GameEngineDebug.cpp">
      <Filter>Debug</Filter>
    </ClCompile>
    <ClCompile Include="GameEngineDirectory.cpp">
      <Filter>InputOutput</Filter>
    </ClCompile>
    <ClCompile Include="GameEngineFile.cpp">
      <Filter>InputOutput</Filter>
    </ClCompile>
    <ClCompile Include="GameEnginePath.cpp">
      <Filter>InputOutput</Filter>
    </ClCompile>
    <ClCompile Include="GameEngineObjectBase.cpp">
      <Filter>Object</Filter>
    </ClCompile>
    <ClCompile Include="GameEngineObjectNameBase.cpp">
      <Filter>Object</Filter>
    </ClCompile>
    <ClCompile Include="PreCompile.cpp">
      <Filter>PreCompile</Filter>
    </ClCompile>
    <ClCompile Include="GameEngineTime.cpp">
      <Filter>Time</Filter>
    </ClCompile>
    <ClCompile Include="GameEngineSoundManager.cpp">
      <Filter>Media</Filter>
    </ClCompile>
    <ClCompile Include="GameEngineSound.cpp">
      <Filter>Media</Filter>
    </ClCompile>
    <ClCompile Include="GameEngineSoundPlayer.cpp">
      <Filter>Media</Filter>
    </ClCompile>
    <ClCompile Include="GameEngineString.cpp">
      <Filter>String</Filter>
    </ClCompile>
    <ClCompile Include="GameEngineMath.cpp">
      <Filter>Math</Filter>
    </ClCompile>
    <ClCompile Include="GameEngineRandom.cpp">
      <Filter>Math</Filter>
    </ClCompile>
    <ClCompile Include="GameEngineIocp.cpp">
      <Filter>Thread</Filter>
    </ClCompile>
    <ClCompile Include="GameEngineThread.cpp">
      <Filter>Thread</Filter>
    </ClCompile>
    <ClCompile Include="GameEngineThreadQueue.cpp">
      <Filter>Thread</Filter>
    </ClCompile>
  </ItemGroup>
  <ItemGroup>
    <Filter Include="Debug">
      <UniqueIdentifier>{32b5a4aa-24dc-4e29-b2a4-510d3a2a4c14}</UniqueIdentifier>
    </Filter>
    <Filter Include="InputOutput">
      <UniqueIdentifier>{55081d75-578c-4451-ae7a-7ee4173b7dc4}</UniqueIdentifier>
    </Filter>
    <Filter Include="Math">
      <UniqueIdentifier>{ba2045de-bf61-421c-9946-c5ae0ce7babe}</UniqueIdentifier>
    </Filter>
    <Filter Include="Object">
      <UniqueIdentifier>{028a2f9a-8000-438e-8ef1-4eaa80908185}</UniqueIdentifier>
    </Filter>
    <Filter Include="PreCompile">
      <UniqueIdentifier>{028a3934-0bff-4fb1-828b-369f21c175eb}</UniqueIdentifier>
    </Filter>
    <Filter Include="Time">
      <UniqueIdentifier>{e9fd433e-4538-4900-ba51-16658968aca6}</UniqueIdentifier>
    </Filter>
    <Filter Include="Media">
      <UniqueIdentifier>{3335da5d-55ea-4200-8715-5c4c4ed4d456}</UniqueIdentifier>
    </Filter>
    <Filter Include="Lib">
      <UniqueIdentifier>{ce8a6a0d-ce71-44d4-8cb5-d0409fd5385e}</UniqueIdentifier>
    </Filter>
    <Filter Include="Lib\FMOD">
      <UniqueIdentifier>{3b9003a9-23c3-4e29-9d4e-18b798080f6d}</UniqueIdentifier>
    </Filter>
    <Filter Include="Lib\FMOD\Debug">
      <UniqueIdentifier>{8b0585b7-ef77-4b17-b79b-578f30ecddd1}</UniqueIdentifier>
    </Filter>
    <Filter Include="Lib\FMOD\Release">
      <UniqueIdentifier>{212ec99f-6555-41f8-9b4b-14423dcdfd2c}</UniqueIdentifier>
    </Filter>
    <Filter Include="String">
      <UniqueIdentifier>{5abc36d5-ce30-4098-b279-f9158a8ec37a}</UniqueIdentifier>
    </Filter>
    <Filter Include="Thread">
      <UniqueIdentifier>{857f111b-06ea-4e99-8deb-83e0a70a5829}</UniqueIdentifier>
    </Filter>
  </ItemGroup>
  <ItemGroup>
    <CopyFileToFolders Include="..\ThirdParty\x64\Release\FMOD\fmod.dll">
      <Filter>Lib\FMOD\Release</Filter>
    </CopyFileToFolders>
    <CopyFileToFolders Include="..\ThirdParty\x64\Release\FMOD\fmod_vc.lib">
      <Filter>Lib\FMOD\Release</Filter>
    </CopyFileToFolders>
    <CopyFileToFolders Include="..\ThirdParty\x64\Debug\FMOD\fmodL.dll">
      <Filter>Lib\FMOD\Debug</Filter>
    </CopyFileToFolders>
    <CopyFileToFolders Include="..\ThirdParty\x64\Debug\FMOD\fmodL_vc.lib">
      <Filter>Lib\FMOD\Debug</Filter>
    </CopyFileToFolders>
  </ItemGroup>
</Project>