<?xml version="1.0" encoding="utf-8"?>
<Project ToolsVersion="4.0" xmlns="http://schemas.microsoft.com/developer/msbuild/2003">
  <ItemGroup>
    <ClInclude Include="GameEngineCore.h" />
    <ClInclude Include="PreCompile.h">
      <Filter>PreCompile</Filter>
    </ClInclude>
    <ClInclude Include="GameEngineWindow.h" />
    <ClInclude Include="GameEngineRenderingPipeLine.h">
      <Filter>RenderingPileLine</Filter>
    </ClInclude>
    <ClInclude Include="GameEngineVertexBufferManager.h">
      <Filter>Resources\99_Manager</Filter>
    </ClInclude>
    <ClInclude Include="GameEngineVertexShaderManager.h">
      <Filter>Resources\99_Manager</Filter>
    </ClInclude>
    <ClInclude Include="GameEngineVertexShader.h">
      <Filter>Resources\01_Shader</Filter>
    </ClInclude>
    <ClInclude Include="GameEngineIndexBuffer.h">
      <Filter>Resources\00_Buffer</Filter>
    </ClInclude>
    <ClInclude Include="GameEngineVertexBuffer.h">
      <Filter>Resources\00_Buffer</Filter>
    </ClInclude>
    <ClInclude Include="GameEngineIndexBufferManager.h">
      <Filter>Resources\99_Manager</Filter>
    </ClInclude>
    <ClInclude Include="GameEngineTextureManager.h">
      <Filter>Resources\99_Manager</Filter>
    </ClInclude>
    <ClInclude Include="GameEngineRasterizerManager.h">
      <Filter>Resources\99_Manager</Filter>
    </ClInclude>
    <ClInclude Include="GameEngineTexture.h">
      <Filter>Resources\02_Image</Filter>
    </ClInclude>
    <ClInclude Include="GameEngineRasterizer.h">
      <Filter>Resources\03_Setting</Filter>
    </ClInclude>
    <ClInclude Include="GameEngineDevice.h">
      <Filter>RenderingPileLine\Device</Filter>
    </ClInclude>
    <ClInclude Include="GameEngineRenderTarget.h">
      <Filter>Resources\02_Image</Filter>
    </ClInclude>
    <ClInclude Include="GameEngineRenderTargetManager.h">
      <Filter>Resources\99_Manager</Filter>
    </ClInclude>
    <ClInclude Include="GameEngineResourcesManager.h">
      <Filter>Resources\99_Manager</Filter>
    </ClInclude>
    <ClInclude Include="GameEngineRenderingPipeLineManager.h">
      <Filter>Resources\99_Manager</Filter>
    </ClInclude>
    <ClInclude Include="GameEngineMesh.h" />
    <ClInclude Include="GameEngineShader.h">
      <Filter>Resources\01_Shader</Filter>
    </ClInclude>
    <ClInclude Include="GameEnginePixelShader.h">
      <Filter>Resources\01_Shader</Filter>
    </ClInclude>
    <ClInclude Include="GameEnginePixelShaderManager.h">
      <Filter>Resources\99_Manager</Filter>
    </ClInclude>
    <ClInclude Include="GameEngineConstantBuffer.h">
      <Filter>Resources\01_Shader\ShaderResources</Filter>
    </ClInclude>
    <ClInclude Include="GameEngineConstantBufferManager.h">
      <Filter>Resources\99_Manager</Filter>
    </ClInclude>
    <ClInclude Include="GameEngineRenderingSettingData.h">
      <Filter>RenderingPileLine</Filter>
    </ClInclude>
    <ClInclude Include="GameEngineShaderResHelper.h">
      <Filter>RenderingPileLine</Filter>
    </ClInclude>
    <ClInclude Include="GameEngineLevel.h">
      <Filter>Object</Filter>
    </ClInclude>
    <ClInclude Include="GameEngineActor.h">
      <Filter>Object</Filter>
    </ClInclude>
    <ClInclude Include="GameEngineComponent.h">
      <Filter>Object\Component</Filter>
    </ClInclude>
    <ClInclude Include="GameEngineTransformComponent.h">
      <Filter>Object\Component</Filter>
    </ClInclude>
    <ClInclude Include="GameEngineTransform.h">
      <Filter>Object\Component\Transform</Filter>
    </ClInclude>
    <ClInclude Include="GameEngineRenderer.h">
      <Filter>Object\Component\Renderer</Filter>
    </ClInclude>
    <ClInclude Include="CameraComponent.h">
      <Filter>Object\Component\Camera</Filter>
    </ClInclude>
    <ClInclude Include="CameraActor.h">
      <Filter>Object\SubActor</Filter>
    </ClInclude>
    <ClInclude Include="GameEngineInput.h">
      <Filter>Control</Filter>
    </ClInclude>
    <ClInclude Include="GameEngineImageRenderer.h">
      <Filter>Object\Component\Renderer\Sub</Filter>
    </ClInclude>
    <ClInclude Include="GameEngineUIRenderer.h">
      <Filter>Object\Component\Renderer</Filter>
    </ClInclude>
    <ClInclude Include="GameEngineSampler.h">
      <Filter>Resources\02_Image</Filter>
    </ClInclude>
    <ClInclude Include="GameEngineSamplerManager.h">
      <Filter>Resources\99_Manager</Filter>
    </ClInclude>
    <ClInclude Include="GameEngineBlend.h">
      <Filter>Resources\02_Image</Filter>
    </ClInclude>
    <ClInclude Include="GameEngineBlendManager.h">
      <Filter>Resources\99_Manager</Filter>
    </ClInclude>
    <ClInclude Include="GameEngineFolderTexture.h">
      <Filter>Resources\02_Image</Filter>
    </ClInclude>
    <ClInclude Include="GameEngineFolderTextureManager.h">
      <Filter>Resources\99_Manager</Filter>
    </ClInclude>
    <ClInclude Include="GameEngineCollision.h">
      <Filter>Object\Component\Collision</Filter>
    </ClInclude>
    <ClInclude Include="GameEngineDebugRenderData.h">
      <Filter>Debug</Filter>
    </ClInclude>
    <ClInclude Include="EngineVertex.h">
      <Filter>Global</Filter>
    </ClInclude>
    <ClInclude Include="Enums.h">
      <Filter>Global</Filter>
    </ClInclude>
    <ClInclude Include="GameEngineDepthStencil.h">
      <Filter>Resources\03_Setting</Filter>
    </ClInclude>
    <ClInclude Include="GameEngineDepthBuffer.h">
      <Filter>Resources\02_Image</Filter>
    </ClInclude>
    <ClInclude Include="GameEngineDepthBufferManager.h">
      <Filter>Resources\99_Manager</Filter>
    </ClInclude>
    <ClInclude Include="GameEngineDepthStencilManager.h">
      <Filter>Resources\99_Manager</Filter>
    </ClInclude>
    <ClInclude Include="GameEngineFSM.h">
      <Filter>Object\Contents</Filter>
    </ClInclude>
    <ClInclude Include="GameEngineGUI.h">
      <Filter>Imgui</Filter>
    </ClInclude>
    <ClInclude Include="imconfig.h">
      <Filter>Imgui\Code</Filter>
    </ClInclude>
    <ClInclude Include="imgui.h">
      <Filter>Imgui\Code</Filter>
    </ClInclude>
    <ClInclude Include="imgui_impl_dx11.h">
      <Filter>Imgui\Code</Filter>
    </ClInclude>
    <ClInclude Include="imgui_impl_win32.h">
      <Filter>Imgui\Code</Filter>
    </ClInclude>
    <ClInclude Include="imgui_internal.h">
      <Filter>Imgui\Code</Filter>
    </ClInclude>
    <ClInclude Include="imstb_rectpack.h">
      <Filter>Imgui\Code</Filter>
    </ClInclude>
    <ClInclude Include="imstb_textedit.h">
      <Filter>Imgui\Code</Filter>
    </ClInclude>
    <ClInclude Include="imstb_truetype.h">
      <Filter>Imgui\Code</Filter>
    </ClInclude>
  </ItemGroup>
  <ItemGroup>
    <ClCompile Include="GameEngineCore.cpp" />
    <ClCompile Include="PreCompile.cpp">
      <Filter>PreCompile</Filter>
    </ClCompile>
    <ClCompile Include="GameEngineWindow.cpp" />
    <ClCompile Include="GameEngineRenderingPipeLine.cpp">
      <Filter>RenderingPileLine</Filter>
    </ClCompile>
    <ClCompile Include="GameEngineVertexBufferManager.cpp">
      <Filter>Resources\99_Manager</Filter>
    </ClCompile>
    <ClCompile Include="GameEngineVertexShaderManager.cpp">
      <Filter>Resources\99_Manager</Filter>
    </ClCompile>
    <ClCompile Include="GameEngineVertexShader.cpp">
      <Filter>Resources\01_Shader</Filter>
    </ClCompile>
    <ClCompile Include="GameEngineIndexBuffer.cpp">
      <Filter>Resources\00_Buffer</Filter>
    </ClCompile>
    <ClCompile Include="GameEngineVertexBuffer.cpp">
      <Filter>Resources\00_Buffer</Filter>
    </ClCompile>
    <ClCompile Include="GameEngineIndexBufferManager.cpp">
      <Filter>Resources\99_Manager</Filter>
    </ClCompile>
    <ClCompile Include="GameEngineTextureManager.cpp">
      <Filter>Resources\99_Manager</Filter>
    </ClCompile>
    <ClCompile Include="GameEngineRasterizerManager.cpp">
      <Filter>Resources\99_Manager</Filter>
    </ClCompile>
    <ClCompile Include="GameEngineTexture.cpp">
      <Filter>Resources\02_Image</Filter>
    </ClCompile>
    <ClCompile Include="GameEngineRasterizer.cpp">
      <Filter>Resources\03_Setting</Filter>
    </ClCompile>
    <ClCompile Include="GameEngineDevice.cpp">
      <Filter>RenderingPileLine\Device</Filter>
    </ClCompile>
    <ClCompile Include="GameEngineRenderTarget.cpp">
      <Filter>Resources\02_Image</Filter>
    </ClCompile>
    <ClCompile Include="GameEngineRenderTargetManager.cpp">
      <Filter>Resources\99_Manager</Filter>
    </ClCompile>
    <ClCompile Include="GameEngineRenderingPipeLineManager.cpp">
      <Filter>Resources\99_Manager</Filter>
    </ClCompile>
    <ClCompile Include="GameEngineMesh.cpp" />
    <ClCompile Include="GameEngineShader.cpp">
      <Filter>Resources\01_Shader</Filter>
    </ClCompile>
    <ClCompile Include="GameEnginePixelShader.cpp">
      <Filter>Resources\01_Shader</Filter>
    </ClCompile>
    <ClCompile Include="GameEnginePixelShaderManager.cpp">
      <Filter>Resources\99_Manager</Filter>
    </ClCompile>
    <ClCompile Include="GameEngineConstantBuffer.cpp">
      <Filter>Resources\01_Shader\ShaderResources</Filter>
    </ClCompile>
    <ClCompile Include="GameEngineConstantBufferManager.cpp">
      <Filter>Resources\99_Manager</Filter>
    </ClCompile>
    <ClCompile Include="GameEngineRenderingSettingData.cpp">
      <Filter>RenderingPileLine</Filter>
    </ClCompile>
    <ClCompile Include="GameEngineShaderResHelper.cpp">
      <Filter>RenderingPileLine</Filter>
    </ClCompile>
    <ClCompile Include="GameEngineLevel.cpp">
      <Filter>Object</Filter>
    </ClCompile>
    <ClCompile Include="GameEngineActor.cpp">
      <Filter>Object</Filter>
    </ClCompile>
    <ClCompile Include="GameEngineComponent.cpp">
      <Filter>Object\Component</Filter>
    </ClCompile>
    <ClCompile Include="GameEngineTransformComponent.cpp">
      <Filter>Object\Component</Filter>
    </ClCompile>
    <ClCompile Include="GameEngineTransform.cpp">
      <Filter>Object\Component\Transform</Filter>
    </ClCompile>
    <ClCompile Include="GameEngineRenderer.cpp">
      <Filter>Object\Component\Renderer</Filter>
    </ClCompile>
    <ClCompile Include="CameraComponent.cpp">
      <Filter>Object\Component\Camera</Filter>
    </ClCompile>
    <ClCompile Include="CameraActor.cpp">
      <Filter>Object\SubActor</Filter>
    </ClCompile>
    <ClCompile Include="GameEngineInput.cpp">
      <Filter>Control</Filter>
    </ClCompile>
    <ClCompile Include="GameEngineImageRenderer.cpp">
      <Filter>Object\Component\Renderer\Sub</Filter>
    </ClCompile>
    <ClCompile Include="GameEngineUIRenderer.cpp">
      <Filter>Object\Component\Renderer</Filter>
    </ClCompile>
    <ClCompile Include="GameEngineSampler.cpp">
      <Filter>Resources\02_Image</Filter>
    </ClCompile>
    <ClCompile Include="GameEngineSamplerManager.cpp">
      <Filter>Resources\99_Manager</Filter>
    </ClCompile>
    <ClCompile Include="GameEngineBlend.cpp">
      <Filter>Resources\02_Image</Filter>
    </ClCompile>
    <ClCompile Include="GameEngineBlendManager.cpp">
      <Filter>Resources\99_Manager</Filter>
    </ClCompile>
    <ClCompile Include="GameEngineFolderTexture.cpp">
      <Filter>Resources\02_Image</Filter>
    </ClCompile>
    <ClCompile Include="GameEngineFolderTextureManager.cpp">
      <Filter>Resources\99_Manager</Filter>
    </ClCompile>
    <ClCompile Include="GameEngineCollision.cpp">
      <Filter>Object\Component\Collision</Filter>
    </ClCompile>
    <ClCompile Include="GameEngineCore_Resources.cpp" />
    <ClCompile Include="GameEngineDebugRenderData.cpp">
      <Filter>Debug</Filter>
    </ClCompile>
    <ClCompile Include="GameEngineDepthStencil.cpp">
      <Filter>Resources\03_Setting</Filter>
    </ClCompile>
    <ClCompile Include="GameEngineDepthBuffer.cpp">
      <Filter>Resources\02_Image</Filter>
    </ClCompile>
    <ClCompile Include="GameEngineDepthBufferManager.cpp">
      <Filter>Resources\99_Manager</Filter>
    </ClCompile>
    <ClCompile Include="GameEngineDepthStencilManager.cpp">
      <Filter>Resources\99_Manager</Filter>
    </ClCompile>
    <ClCompile Include="GameEngineFSM.cpp">
      <Filter>Object\Contents</Filter>
    </ClCompile>
    <ClCompile Include="GameEngineGUI.cpp">
      <Filter>Imgui</Filter>
    </ClCompile>
    <ClCompile Include="imgui.cpp">
      <Filter>Imgui\Code</Filter>
    </ClCompile>
    <ClCompile Include="imgui_draw.cpp">
      <Filter>Imgui\Code</Filter>
    </ClCompile>
    <ClCompile Include="imgui_impl_dx11.cpp">
      <Filter>Imgui\Code</Filter>
    </ClCompile>
    <ClCompile Include="imgui_impl_win32.cpp">
      <Filter>Imgui\Code</Filter>
    </ClCompile>
    <ClCompile Include="imgui_tables.cpp">
      <Filter>Imgui\Code</Filter>
    </ClCompile>
    <ClCompile Include="imgui_widgets.cpp">
      <Filter>Imgui\Code</Filter>
    </ClCompile>
  </ItemGroup>
  <ItemGroup>
    <Filter Include="PreCompile">
      <UniqueIdentifier>{33c8ebb0-ff1c-4d8f-9bb3-4539470199aa}</UniqueIdentifier>
    </Filter>
    <Filter Include="RenderingPileLine">
      <UniqueIdentifier>{d8cbdf85-3b70-452d-8fbc-de24ccb587e2}</UniqueIdentifier>
    </Filter>
    <Filter Include="RenderingPileLine\Shader">
      <UniqueIdentifier>{87d4feab-8b43-4b2e-bdf6-e9e709139a60}</UniqueIdentifier>
    </Filter>
    <Filter Include="Resources">
      <UniqueIdentifier>{ad69f924-a325-4e0f-9756-f67ae6e79f1c}</UniqueIdentifier>
    </Filter>
    <Filter Include="Resources\00_Buffer">
      <UniqueIdentifier>{4fc918c9-66be-4aa4-91c1-d107c381dc7a}</UniqueIdentifier>
    </Filter>
    <Filter Include="Resources\01_Shader">
      <UniqueIdentifier>{305a2645-4560-43b2-a393-cec22b4e0704}</UniqueIdentifier>
    </Filter>
    <Filter Include="Resources\99_Manager">
      <UniqueIdentifier>{aa5c4ee1-d73b-4bfa-afac-62099835d629}</UniqueIdentifier>
    </Filter>
    <Filter Include="Resources\02_Image">
      <UniqueIdentifier>{9264abe4-b81e-4d2a-b35e-aca98ed787bd}</UniqueIdentifier>
    </Filter>
    <Filter Include="Resources\03_Setting">
      <UniqueIdentifier>{04b07ccd-304f-49ed-a55f-5e32d9a27614}</UniqueIdentifier>
    </Filter>
    <Filter Include="RenderingPileLine\Device">
      <UniqueIdentifier>{b3ca927d-f037-473b-9ca7-feb3aa3ee880}</UniqueIdentifier>
    </Filter>
    <Filter Include="Resources\01_Shader\ShaderResources">
      <UniqueIdentifier>{ddeefe81-50c7-4455-86b6-95ed3d1c6c38}</UniqueIdentifier>
    </Filter>
    <Filter Include="Object">
      <UniqueIdentifier>{e92de99c-b45c-4e36-b6b4-7003b6713f9c}</UniqueIdentifier>
    </Filter>
    <Filter Include="Object\Component">
      <UniqueIdentifier>{8dd8c1e4-672a-4c5b-8f27-8e4bf9be4276}</UniqueIdentifier>
    </Filter>
    <Filter Include="Object\Component\Transform">
      <UniqueIdentifier>{520ad970-41c2-4e41-b061-c29b77d24885}</UniqueIdentifier>
    </Filter>
    <Filter Include="Object\Component\Renderer">
      <UniqueIdentifier>{baed8593-1728-4dea-92b7-6c6a90e5a66f}</UniqueIdentifier>
    </Filter>
    <Filter Include="Object\Component\Camera">
      <UniqueIdentifier>{554cba9c-d115-4166-a310-e2a5123471d7}</UniqueIdentifier>
    </Filter>
    <Filter Include="Object\SubActor">
      <UniqueIdentifier>{a7457e36-675c-4550-a52a-d1195790dd90}</UniqueIdentifier>
    </Filter>
    <Filter Include="Control">
      <UniqueIdentifier>{8cd10483-165e-44c7-a216-103a27e1a797}</UniqueIdentifier>
    </Filter>
    <Filter Include="Object\Component\Renderer\Sub">
      <UniqueIdentifier>{93d331a3-5981-485f-9d0a-d1a281081388}</UniqueIdentifier>
    </Filter>
    <Filter Include="Lib">
      <UniqueIdentifier>{48a6b842-9ae7-4917-8bcb-99f535d245f8}</UniqueIdentifier>
    </Filter>
    <Filter Include="Lib\DirectXTex">
      <UniqueIdentifier>{896bc018-bfd4-4880-b7aa-1d67c524837b}</UniqueIdentifier>
    </Filter>
    <Filter Include="Lib\DirectXTex\Debug">
      <UniqueIdentifier>{5fc38e70-6f3b-4163-8ad7-5bf882343d07}</UniqueIdentifier>
    </Filter>
    <Filter Include="Lib\DirectXTex\Release">
      <UniqueIdentifier>{49c7275f-d665-4826-9227-729656f3a617}</UniqueIdentifier>
    </Filter>
    <Filter Include="Object\Component\Collision">
      <UniqueIdentifier>{b7dae082-03ff-405b-90e6-c79dea9dd093}</UniqueIdentifier>
    </Filter>
    <Filter Include="Debug">
      <UniqueIdentifier>{b21d7a9d-83cc-4ee3-a7aa-10689aeaf841}</UniqueIdentifier>
    </Filter>
    <Filter Include="Global">
      <UniqueIdentifier>{63c29454-62e2-4492-87ba-3cc14c254ba8}</UniqueIdentifier>
    </Filter>
    <Filter Include="Object\Contents">
      <UniqueIdentifier>{2285b8fd-8e3d-4e12-b0ae-1d164d5246bd}</UniqueIdentifier>
    </Filter>
    <Filter Include="Imgui">
      <UniqueIdentifier>{6ca270d1-c9db-4ea1-b809-73846b5dc6fc}</UniqueIdentifier>
    </Filter>
    <Filter Include="Imgui\Code">
      <UniqueIdentifier>{e3bbdd2d-75c0-4286-8598-728ef7e1755a}</UniqueIdentifier>
    </Filter>
  </ItemGroup>
  <ItemGroup>
    <CopyFileToFolders Include="..\ThirdParty\x64\Release\DirectXTex\DirectXTex.lib">
      <Filter>Lib\DirectXTex\Release</Filter>
    </CopyFileToFolders>
    <CopyFileToFolders Include="..\ThirdParty\x64\Debug\DirectXTex\DirectXTex.lib">
      <Filter>Lib\DirectXTex\Debug</Filter>
    </CopyFileToFolders>
  </ItemGroup>
</Project>